
Microsoft Visual Studio Solution File, Format Version 12.00
# Visual Studio Version 17
VisualStudioVersion = 17.10.35122.118
MinimumVisualStudioVersion = 10.0.40219.1
Project("{FAE04EC0-301F-11D3-BF4B-00C04F79EFBC}") = "hw23082024", "hw23082024\hw23082024.csproj", "{29CC2005-932A-4942-8037-633A73AF6131}"
EndProject
Global
	GlobalSection(SolutionConfigurationPlatforms) = preSolution
		Debug|Any CPU = Debug|Any CPU
		Release|Any CPU = Release|Any CPU
	EndGlobalSection
	GlobalSection(ProjectConfigurationPlatforms) = postSolution
		{29CC2005-932A-4942-8037-633A73AF6131}.Debug|Any CPU.ActiveCfg = Debug|Any CPU
		{29CC2005-932A-4942-8037-633A73AF6131}.Debug|Any CPU.Build.0 = Debug|Any CPU
		{29CC2005-932A-4942-8037-633A73AF6131}.Release|Any CPU.ActiveCfg = Release|Any CPU
		{29CC2005-932A-4942-8037-633A73AF6131}.Release|Any CPU.Build.0 = Release|Any CPU
	EndGlobalSection
	GlobalSection(SolutionProperties) = preSolution
		HideSolutionNode = FALSE
	EndGlobalSection
	GlobalSection(ExtensibilityGlobals) = postSolution
		SolutionGuid = {8C3D63B6-E364-4847-A1DD-BEB4A9E87090}
	EndGlobalSection
EndGlobal
